
Microsoft Visual Studio Solution File, Format Version 12.00
# Visual Studio Version 17
VisualStudioVersion = 17.4.33213.308
MinimumVisualStudioVersion = 10.0.40219.1
Project("{FAE04EC0-301F-11D3-BF4B-00C04F79EFBC}") = "Domain", "Domain\Domain.csproj", "{FD225FEC-2652-478C-943C-F1F1D2B6070F}"
EndProject
Project("{FAE04EC0-301F-11D3-BF4B-00C04F79EFBC}") = "DataAccess", "DataAccess\DataAccess.csproj", "{8E35222D-DEBD-476C-8245-75742EF00B25}"
EndProject
Project("{FAE04EC0-301F-11D3-BF4B-00C04F79EFBC}") = "MinimumApi", "MinimumApi\MinimumApi.csproj", "{EA1DE1BA-06AB-4572-8184-3C2E52582B9D}"
EndProject
Global
	GlobalSection(SolutionConfigurationPlatforms) = preSolution
		Debug|Any CPU = Debug|Any CPU
		Release|Any CPU = Release|Any CPU
	EndGlobalSection
	GlobalSection(ProjectConfigurationPlatforms) = postSolution
		{FD225FEC-2652-478C-943C-F1F1D2B6070F}.Debug|Any CPU.ActiveCfg = Debug|Any CPU
		{FD225FEC-2652-478C-943C-F1F1D2B6070F}.Debug|Any CPU.Build.0 = Debug|Any CPU
		{FD225FEC-2652-478C-943C-F1F1D2B6070F}.Release|Any CPU.ActiveCfg = Release|Any CPU
		{FD225FEC-2652-478C-943C-F1F1D2B6070F}.Release|Any CPU.Build.0 = Release|Any CPU
		{8E35222D-DEBD-476C-8245-75742EF00B25}.Debug|Any CPU.ActiveCfg = Debug|Any CPU
		{8E35222D-DEBD-476C-8245-75742EF00B25}.Debug|Any CPU.Build.0 = Debug|Any CPU
		{8E35222D-DEBD-476C-8245-75742EF00B25}.Release|Any CPU.ActiveCfg = Release|Any CPU
		{8E35222D-DEBD-476C-8245-75742EF00B25}.Release|Any CPU.Build.0 = Release|Any CPU
		{EA1DE1BA-06AB-4572-8184-3C2E52582B9D}.Debug|Any CPU.ActiveCfg = Debug|Any CPU
		{EA1DE1BA-06AB-4572-8184-3C2E52582B9D}.Debug|Any CPU.Build.0 = Debug|Any CPU
		{EA1DE1BA-06AB-4572-8184-3C2E52582B9D}.Release|Any CPU.ActiveCfg = Release|Any CPU
		{EA1DE1BA-06AB-4572-8184-3C2E52582B9D}.Release|Any CPU.Build.0 = Release|Any CPU
	EndGlobalSection
	GlobalSection(SolutionProperties) = preSolution
		HideSolutionNode = FALSE
	EndGlobalSection
	GlobalSection(ExtensibilityGlobals) = postSolution
		SolutionGuid = {5E6FC787-E779-4944-8AEA-68D704EA3D1C}
	EndGlobalSection
EndGlobal
